Microsoft Visual Studio Solution File, Format Version 11.00
# Visual Studio 2017

Project("{8BC9CEB8-8B4A-11D0-8D11-00A0C91BC942}") = "SonoBus - Standalone Plugin", "SonoBus_StandalonePlugin.vcxproj", "{F744C8E8-396E-685B-07E4-56135918C334}"
	ProjectSection(ProjectDependencies) = postProject
		{8E20377A-F257-714B-E170-4F93CF6AC187} = {8E20377A-F257-714B-E170-4F93CF6AC187}
	EndProjectSection
EndProject
Project("{8BC9CEB8-8B4A-11D0-8D11-00A0C91BC942}") = "SonoBus - VST", "SonoBus_VST.vcxproj", "{A82D88A2-1EDC-06B1-0FD6-4A821681267F}"
	ProjectSection(ProjectDependencies) = postProject
		{8E20377A-F257-714B-E170-4F93CF6AC187} = {8E20377A-F257-714B-E170-4F93CF6AC187}
	EndProjectSection
EndProject
Project("{8BC9CEB8-8B4A-11D0-8D11-00A0C91BC942}") = "SonoBus - VST3", "SonoBus_VST3.vcxproj", "{A76E509E-D8B7-C7C4-A9B2-CB443759801C}"
	ProjectSection(ProjectDependencies) = postProject
		{8E20377A-F257-714B-E170-4F93CF6AC187} = {8E20377A-F257-714B-E170-4F93CF6AC187}
	EndProjectSection
EndProject
Project("{8BC9CEB8-8B4A-11D0-8D11-00A0C91BC942}") = "SonoBus - AAX", "SonoBus_AAX.vcxproj", "{D4DD2E60-B50F-BD7D-1722-3EA53EC12B56}"
	ProjectSection(ProjectDependencies) = postProject
		{8E20377A-F257-714B-E170-4F93CF6AC187} = {8E20377A-F257-714B-E170-4F93CF6AC187}
	EndProjectSection
EndProject
Project("{8BC9CEB8-8B4A-11D0-8D11-00A0C91BC942}") = "SonoBus - Shared Code", "SonoBus_SharedCode.vcxproj", "{8E20377A-F257-714B-E170-4F93CF6AC187}"
EndProject
Global
	GlobalSection(SolutionConfigurationPlatforms) = preSolution
		Debug|x64 = Debug|x64
		Release|x64 = Release|x64
		Debug32|Win32 = Debug32|Win32
		Release32|Win32 = Release32|Win32
	EndGlobalSection
	GlobalSection(ProjectConfigurationPlatforms) = postSolution
		{A82D88A2-1EDC-06B1-0FD6-4A821681267F}.Debug|x64.ActiveCfg = Debug|x64
		{A82D88A2-1EDC-06B1-0FD6-4A821681267F}.Debug|x64.Build.0 = Debug|x64
		{A82D88A2-1EDC-06B1-0FD6-4A821681267F}.Release|x64.ActiveCfg = Release|x64
		{A82D88A2-1EDC-06B1-0FD6-4A821681267F}.Release|x64.Build.0 = Release|x64
		{A82D88A2-1EDC-06B1-0FD6-4A821681267F}.Debug32|Win32.ActiveCfg = Debug32|Win32
		{A82D88A2-1EDC-06B1-0FD6-4A821681267F}.Debug32|Win32.Build.0 = Debug32|Win32
		{A82D88A2-1EDC-06B1-0FD6-4A821681267F}.Release32|Win32.ActiveCfg = Release32|Win32
		{A82D88A2-1EDC-06B1-0FD6-4A821681267F}.Release32|Win32.Build.0 = Release32|Win32
		{A76E509E-D8B7-C7C4-A9B2-CB443759801C}.Debug|x64.ActiveCfg = Debug|x64
		{A76E509E-D8B7-C7C4-A9B2-CB443759801C}.Debug|x64.Build.0 = Debug|x64
		{A76E509E-D8B7-C7C4-A9B2-CB443759801C}.Release|x64.ActiveCfg = Release|x64
		{A76E509E-D8B7-C7C4-A9B2-CB443759801C}.Release|x64.Build.0 = Release|x64
		{A76E509E-D8B7-C7C4-A9B2-CB443759801C}.Debug32|Win32.ActiveCfg = Debug32|Win32
		{A76E509E-D8B7-C7C4-A9B2-CB443759801C}.Debug32|Win32.Build.0 = Debug32|Win32
		{A76E509E-D8B7-C7C4-A9B2-CB443759801C}.Release32|Win32.ActiveCfg = Release32|Win32
		{A76E509E-D8B7-C7C4-A9B2-CB443759801C}.Release32|Win32.Build.0 = Release32|Win32
		{D4DD2E60-B50F-BD7D-1722-3EA53EC12B56}.Debug|x64.ActiveCfg = Debug|x64
		{D4DD2E60-B50F-BD7D-1722-3EA53EC12B56}.Debug|x64.Build.0 = Debug|x64
		{D4DD2E60-B50F-BD7D-1722-3EA53EC12B56}.Release|x64.ActiveCfg = Release|x64
		{D4DD2E60-B50F-BD7D-1722-3EA53EC12B56}.Release|x64.Build.0 = Release|x64
		{D4DD2E60-B50F-BD7D-1722-3EA53EC12B56}.Debug32|Win32.ActiveCfg = Debug32|Win32
		{D4DD2E60-B50F-BD7D-1722-3EA53EC12B56}.Debug32|Win32.Build.0 = Debug32|Win32
		{D4DD2E60-B50F-BD7D-1722-3EA53EC12B56}.Release32|Win32.ActiveCfg = Release32|Win32
		{D4DD2E60-B50F-BD7D-1722-3EA53EC12B56}.Release32|Win32.Build.0 = Release32|Win32
		{F744C8E8-396E-685B-07E4-56135918C334}.Debug|x64.ActiveCfg = Debug|x64
		{F744C8E8-396E-685B-07E4-56135918C334}.Debug|x64.Build.0 = Debug|x64
		{F744C8E8-396E-685B-07E4-56135918C334}.Release|x64.ActiveCfg = Release|x64
		{F744C8E8-396E-685B-07E4-56135918C334}.Release|x64.Build.0 = Release|x64
		{F744C8E8-396E-685B-07E4-56135918C334}.Debug32|Win32.ActiveCfg = Debug32|Win32
		{F744C8E8-396E-685B-07E4-56135918C334}.Debug32|Win32.Build.0 = Debug32|Win32
		{F744C8E8-396E-685B-07E4-56135918C334}.Release32|Win32.ActiveCfg = Release32|Win32
		{F744C8E8-396E-685B-07E4-56135918C334}.Release32|Win32.Build.0 = Release32|Win32
		{8E20377A-F257-714B-E170-4F93CF6AC187}.Debug|x64.ActiveCfg = Debug|x64
		{8E20377A-F257-714B-E170-4F93CF6AC187}.Debug|x64.Build.0 = Debug|x64
		{8E20377A-F257-714B-E170-4F93CF6AC187}.Release|x64.ActiveCfg = Release|x64
		{8E20377A-F257-714B-E170-4F93CF6AC187}.Release|x64.Build.0 = Release|x64
		{8E20377A-F257-714B-E170-4F93CF6AC187}.Debug32|Win32.ActiveCfg = Debug32|Win32
		{8E20377A-F257-714B-E170-4F93CF6AC187}.Debug32|Win32.Build.0 = Debug32|Win32
		{8E20377A-F257-714B-E170-4F93CF6AC187}.Release32|Win32.ActiveCfg = Release32|Win32
		{8E20377A-F257-714B-E170-4F93CF6AC187}.Release32|Win32.Build.0 = Release32|Win32
	EndGlobalSection
	GlobalSection(SolutionProperties) = preSolution
		HideSolutionNode = FALSE
	EndGlobalSection
EndGlobal
